// !$*UTF8*$!
{
	archiveVersion = 1;
	classes = {
	};
	objectVersion = 77;
	objects = {

/* Begin PBXBuildFile section */
		460391D82DD10B9800A99290 /* LoginInputView.swift in Sources */ = {isa = PBXBuildFile; fileRef = 460391D72DD10B9800A99290 /* LoginInputView.swift */; };
		460391DB2DD10D6F00A99290 /* LoginView.swift in Sources */ = {isa = PBXBuildFile; fileRef = 460391DA2DD10D6F00A99290 /* LoginView.swift */; };
		460391DF2DD10E0300A99290 /* SignUpView.swift in Sources */ = {isa = PBXBuildFile; fileRef = 460391DE2DD10E0300A99290 /* SignUpView.swift */; };
		460391EC2DD112C100A99290 /* AuthService.swift in Sources */ = {isa = PBXBuildFile; fileRef = 460391EB2DD112C100A99290 /* AuthService.swift */; };
		460391EE2DD1140C00A99290 /* GoogleService-Info.plist in Resources */ = {isa = PBXBuildFile; fileRef = 460391ED2DD1140C00A99290 /* GoogleService-Info.plist */; };
		460391F22DD114C900A99290 /* FirebaseAuth in Frameworks */ = {isa = PBXBuildFile; productRef = 460391F12DD114C900A99290 /* FirebaseAuth */; };
		460391F42DD114CD00A99290 /* FirebaseCore in Frameworks */ = {isa = PBXBuildFile; productRef = 460391F32DD114CD00A99290 /* FirebaseCore */; };
		460391F62DD114D200A99290 /* FirebaseFirestore in Frameworks */ = {isa = PBXBuildFile; productRef = 460391F52DD114D200A99290 /* FirebaseFirestore */; };
		460391F82DD1150000A99290 /* FirebaseStorage in Frameworks */ = {isa = PBXBuildFile; productRef = 460391F72DD1150000A99290 /* FirebaseStorage */; };
		460391FA2DD116A100A99290 /* ContentViewModel.swift in Sources */ = {isa = PBXBuildFile; fileRef = 460391F92DD116A100A99290 /* ContentViewModel.swift */; };
		460391FC2DD119C100A99290 /* LoginViewModel.swift in Sources */ = {isa = PBXBuildFile; fileRef = 460391FB2DD119C100A99290 /* LoginViewModel.swift */; };
		460391FE2DD119DC00A99290 /* SignUpViewModel.swift in Sources */ = {isa = PBXBuildFile; fileRef = 460391FD2DD119DC00A99290 /* SignUpViewModel.swift */; };
		4603920B2DD1241F00A99290 /* User.swift in Sources */ = {isa = PBXBuildFile; fileRef = 4603920A2DD1241F00A99290 /* User.swift */; };
		4603921A2DD1292700A99290 /* FirebaseConstants.swift in Sources */ = {isa = PBXBuildFile; fileRef = 460392192DD1292700A99290 /* FirebaseConstants.swift */; };
		4603923D2DD12A5E00A99290 /* UserService.swift in Sources */ = {isa = PBXBuildFile; fileRef = 4603923C2DD12A5E00A99290 /* UserService.swift */; };
		460392412DD12BA800A99290 /* ProfileViewModel.swift in Sources */ = {isa = PBXBuildFile; fileRef = 460392402DD12BA800A99290 /* ProfileViewModel.swift */; };
		460392432DD12C2500A99290 /* EditProfileView.swift in Sources */ = {isa = PBXBuildFile; fileRef = 460392422DD12C2500A99290 /* EditProfileView.swift */; };
		4603925B2DD137E400A99290 /* InputView.swift in Sources */ = {isa = PBXBuildFile; fileRef = 4603925A2DD137E400A99290 /* InputView.swift */; };
		4603925D2DD13CAD00A99290 /* CircularProfileView.swift in Sources */ = {isa = PBXBuildFile; fileRef = 4603925C2DD13CAD00A99290 /* CircularProfileView.swift */; };
		460A39CF2DD5362B00C3B804 /* ClientFormViewModel.swift in Sources */ = {isa = PBXBuildFile; fileRef = 460A39CE2DD5362B00C3B804 /* ClientFormViewModel.swift */; };
		460A39D22DD5378A00C3B804 /* ClientDetailViewModel.swift in Sources */ = {isa = PBXBuildFile; fileRef = 460A39D12DD5378A00C3B804 /* ClientDetailViewModel.swift */; };
		4633F1B12DCE324600FED778 /* MemoirApp.swift in Sources */ = {isa = PBXBuildFile; fileRef = 4633F1B02DCE324600FED778 /* MemoirApp.swift */; };
		4633F1B32DCE324600FED778 /* ContentView.swift in Sources */ = {isa = PBXBuildFile; fileRef = 4633F1B22DCE324600FED778 /* ContentView.swift */; };
		465467242DD3EBB700A21BBE /* ClientListView.swift in Sources */ = {isa = PBXBuildFile; fileRef = 465467232DD3EBB700A21BBE /* ClientListView.swift */; };
		465A9F882DD25DB8005D5A8B /* FirebaseService.swift in Sources */ = {isa = PBXBuildFile; fileRef = 465A9F872DD25DB8005D5A8B /* FirebaseService.swift */; };
		465A9F8B2DD25E7E005D5A8B /* Client.swift in Sources */ = {isa = PBXBuildFile; fileRef = 465A9F8A2DD25E7E005D5A8B /* Client.swift */; };
		465A9FA62DD26002005D5A8B /* ClientManager.swift in Sources */ = {isa = PBXBuildFile; fileRef = 465A9FA52DD26002005D5A8B /* ClientManager.swift */; };
		46A1C1B82DD3BDA60045E26D /* ClientView.swift in Sources */ = {isa = PBXBuildFile; fileRef = 46A1C1B72DD3BDA60045E26D /* ClientView.swift */; };
		46A1C1C62DD3BF310045E26D /* AppHeaderView.swift in Sources */ = {isa = PBXBuildFile; fileRef = 46A1C1C52DD3BF310045E26D /* AppHeaderView.swift */; };
		46A1C1DE2DD3C0670045E26D /* SearchBarView.swift in Sources */ = {isa = PBXBuildFile; fileRef = 46A1C1DD2DD3C0670045E26D /* SearchBarView.swift */; };
		46A1C1E02DD3C1620045E26D /* ClientFormView.swift in Sources */ = {isa = PBXBuildFile; fileRef = 46A1C1DF2DD3C1620045E26D /* ClientFormView.swift */; };
		46A1C1E22DD3C1F20045E26D /* ClientDetailView.swift in Sources */ = {isa = PBXBuildFile; fileRef = 46A1C1E12DD3C1F20045E26D /* ClientDetailView.swift */; };
		46A1C1FB2DD3C26F0045E26D /* ClientCellView.swift in Sources */ = {isa = PBXBuildFile; fileRef = 46A1C1FA2DD3C26F0045E26D /* ClientCellView.swift */; };
		46A1C2142DD3C5E60045E26D /* CancelButtonView.swift in Sources */ = {isa = PBXBuildFile; fileRef = 46A1C2132DD3C5E60045E26D /* CancelButtonView.swift */; };
		46A1C22C2DD3D0FC0045E26D /* DetailRowView.swift in Sources */ = {isa = PBXBuildFile; fileRef = 46A1C22B2DD3D0FC0045E26D /* DetailRowView.swift */; };
		46A1C2442DD3DC710045E26D /* LoadingView.swift in Sources */ = {isa = PBXBuildFile; fileRef = 46A1C2432DD3DC710045E26D /* LoadingView.swift */; };
		46A1C2522DD3DDE70045E26D /* PreviewProvider.swift in Sources */ = {isa = PBXBuildFile; fileRef = 46A1C2512DD3DDE70045E26D /* PreviewProvider.swift */; };
/* End PBXBuildFile section */

/* Begin PBXContainerItemProxy section */
		4633F1BE2DCE324800FED778 /* PBXContainerItemProxy */ = {
			isa = PBXContainerItemProxy;
			containerPortal = 4633F1A52DCE324600FED778 /* Project object */;
			proxyType = 1;
			remoteGlobalIDString = 4633F1AC2DCE324600FED778;
			remoteInfo = Memoir;
		};
		4633F1C82DCE324800FED778 /* PBXContainerItemProxy */ = {
			isa = PBXContainerItemProxy;
			containerPortal = 4633F1A52DCE324600FED778 /* Project object */;
			proxyType = 1;
			remoteGlobalIDString = 4633F1AC2DCE324600FED778;
			remoteInfo = Memoir;
		};
/* End PBXContainerItemProxy section */

/* Begin PBXFileReference section */
		460391D72DD10B9800A99290 /* LoginInputView.swift */ = {isa = PBXFileReference; lastKnownFileType = sourcecode.swift; path = LoginInputView.swift; sourceTree = "<group>"; };
		460391DA2DD10D6F00A99290 /* LoginView.swift */ = {isa = PBXFileReference; lastKnownFileType = sourcecode.swift; path = LoginView.swift; sourceTree = "<group>"; };
		460391DE2DD10E0300A99290 /* SignUpView.swift */ = {isa = PBXFileReference; lastKnownFileType = sourcecode.swift; path = SignUpView.swift; sourceTree = "<group>"; };
		460391EB2DD112C100A99290 /* AuthService.swift */ = {isa = PBXFileReference; lastKnownFileType = sourcecode.swift; path = AuthService.swift; sourceTree = "<group>"; };
		460391ED2DD1140C00A99290 /* GoogleService-Info.plist */ = {isa = PBXFileReference; lastKnownFileType = text.plist.xml; path = "GoogleService-Info.plist"; sourceTree = "<group>"; };
		460391F92DD116A100A99290 /* ContentViewModel.swift */ = {isa = PBXFileReference; lastKnownFileType = sourcecode.swift; path = ContentViewModel.swift; sourceTree = "<group>"; };
		460391FB2DD119C100A99290 /* LoginViewModel.swift */ = {isa = PBXFileReference; lastKnownFileType = sourcecode.swift; path = LoginViewModel.swift; sourceTree = "<group>"; };
		460391FD2DD119DC00A99290 /* SignUpViewModel.swift */ = {isa = PBXFileReference; lastKnownFileType = sourcecode.swift; path = SignUpViewModel.swift; sourceTree = "<group>"; };
		4603920A2DD1241F00A99290 /* User.swift */ = {isa = PBXFileReference; lastKnownFileType = sourcecode.swift; path = User.swift; sourceTree = "<group>"; };
		460392192DD1292700A99290 /* FirebaseConstants.swift */ = {isa = PBXFileReference; lastKnownFileType = sourcecode.swift; path = FirebaseConstants.swift; sourceTree = "<group>"; };
		4603923C2DD12A5E00A99290 /* UserService.swift */ = {isa = PBXFileReference; lastKnownFileType = sourcecode.swift; path = UserService.swift; sourceTree = "<group>"; };
		460392402DD12BA800A99290 /* ProfileViewModel.swift */ = {isa = PBXFileReference; lastKnownFileType = sourcecode.swift; path = ProfileViewModel.swift; sourceTree = "<group>"; };
		460392422DD12C2500A99290 /* EditProfileView.swift */ = {isa = PBXFileReference; lastKnownFileType = sourcecode.swift; path = EditProfileView.swift; sourceTree = "<group>"; };
		4603925A2DD137E400A99290 /* InputView.swift */ = {isa = PBXFileReference; lastKnownFileType = sourcecode.swift; path = InputView.swift; sourceTree = "<group>"; };
		4603925C2DD13CAD00A99290 /* CircularProfileView.swift */ = {isa = PBXFileReference; lastKnownFileType = sourcecode.swift; path = CircularProfileView.swift; sourceTree = "<group>"; };
		460A39CE2DD5362B00C3B804 /* ClientFormViewModel.swift */ = {isa = PBXFileReference; lastKnownFileType = sourcecode.swift; path = ClientFormViewModel.swift; sourceTree = "<group>"; };
		460A39D12DD5378A00C3B804 /* ClientDetailViewModel.swift */ = {isa = PBXFileReference; lastKnownFileType = sourcecode.swift; path = ClientDetailViewModel.swift; sourceTree = "<group>"; };
		4633F1AD2DCE324600FED778 /* Memoir.app */ = {isa = PBXFileReference; explicitFileType = wrapper.application; includeInIndex = 0; path = Memoir.app; sourceTree = BUILT_PRODUCTS_DIR; };
		4633F1B02DCE324600FED778 /* MemoirApp.swift */ = {isa = PBXFileReference; lastKnownFileType = sourcecode.swift; path = MemoirApp.swift; sourceTree = "<group>"; };
		4633F1B22DCE324600FED778 /* ContentView.swift */ = {isa = PBXFileReference; lastKnownFileType = sourcecode.swift; path = ContentView.swift; sourceTree = "<group>"; };
		4633F1BD2DCE324800FED778 /* MemoirTests.xctest */ = {isa = PBXFileReference; explicitFileType = wrapper.cfbundle; includeInIndex = 0; path = MemoirTests.xctest; sourceTree = BUILT_PRODUCTS_DIR; };
		4633F1C72DCE324800FED778 /* MemoirUITests.xctest */ = {isa = PBXFileReference; explicitFileType = wrapper.cfbundle; includeInIndex = 0; path = MemoirUITests.xctest; sourceTree = BUILT_PRODUCTS_DIR; };
		465467232DD3EBB700A21BBE /* ClientListView.swift */ = {isa = PBXFileReference; lastKnownFileType = sourcecode.swift; path = ClientListView.swift; sourceTree = "<group>"; };
		465A9F872DD25DB8005D5A8B /* FirebaseService.swift */ = {isa = PBXFileReference; lastKnownFileType = sourcecode.swift; path = FirebaseService.swift; sourceTree = "<group>"; };
		465A9F8A2DD25E7E005D5A8B /* Client.swift */ = {isa = PBXFileReference; lastKnownFileType = sourcecode.swift; path = Client.swift; sourceTree = "<group>"; };
		465A9FA52DD26002005D5A8B /* ClientManager.swift */ = {isa = PBXFileReference; lastKnownFileType = sourcecode.swift; path = ClientManager.swift; sourceTree = "<group>"; };
		46A1C1B72DD3BDA60045E26D /* ClientView.swift */ = {isa = PBXFileReference; lastKnownFileType = sourcecode.swift; path = ClientView.swift; sourceTree = "<group>"; };
		46A1C1C52DD3BF310045E26D /* AppHeaderView.swift */ = {isa = PBXFileReference; lastKnownFileType = sourcecode.swift; path = AppHeaderView.swift; sourceTree = "<group>"; };
		46A1C1DD2DD3C0670045E26D /* SearchBarView.swift */ = {isa = PBXFileReference; lastKnownFileType = sourcecode.swift; path = SearchBarView.swift; sourceTree = "<group>"; };
		46A1C1DF2DD3C1620045E26D /* ClientFormView.swift */ = {isa = PBXFileReference; lastKnownFileType = sourcecode.swift; path = ClientFormView.swift; sourceTree = "<group>"; };
		46A1C1E12DD3C1F20045E26D /* ClientDetailView.swift */ = {isa = PBXFileReference; lastKnownFileType = sourcecode.swift; path = ClientDetailView.swift; sourceTree = "<group>"; };
		46A1C1FA2DD3C26F0045E26D /* ClientCellView.swift */ = {isa = PBXFileReference; lastKnownFileType = sourcecode.swift; path = ClientCellView.swift; sourceTree = "<group>"; };
		46A1C2132DD3C5E60045E26D /* CancelButtonView.swift */ = {isa = PBXFileReference; lastKnownFileType = sourcecode.swift; path = CancelButtonView.swift; sourceTree = "<group>"; };
		46A1C22B2DD3D0FC0045E26D /* DetailRowView.swift */ = {isa = PBXFileReference; lastKnownFileType = sourcecode.swift; path = DetailRowView.swift; sourceTree = "<group>"; };
		46A1C2432DD3DC710045E26D /* LoadingView.swift */ = {isa = PBXFileReference; lastKnownFileType = sourcecode.swift; path = LoadingView.swift; sourceTree = "<group>"; };
		46A1C2512DD3DDE70045E26D /* PreviewProvider.swift */ = {isa = PBXFileReference; lastKnownFileType = sourcecode.swift; path = PreviewProvider.swift; sourceTree = "<group>"; };
/* End PBXFileReference section */

/* Begin PBXFileSystemSynchronizedRootGroup section */
		4633F1AF2DCE324600FED778 /* Memoir */ = {
			isa = PBXFileSystemSynchronizedRootGroup;
			path = Memoir;
			sourceTree = "<group>";
		};
		4633F1C02DCE324800FED778 /* MemoirTests */ = {
			isa = PBXFileSystemSynchronizedRootGroup;
			path = MemoirTests;
			sourceTree = "<group>";
		};
		4633F1CA2DCE324800FED778 /* MemoirUITests */ = {
			isa = PBXFileSystemSynchronizedRootGroup;
			path = MemoirUITests;
			sourceTree = "<group>";
		};
/* End PBXFileSystemSynchronizedRootGroup section */

/* Begin PBXFrameworksBuildPhase section */
		4633F1AA2DCE324600FED778 /* Frameworks */ = {
			isa = PBXFrameworksBuildPhase;
			buildActionMask = 2147483647;
			files = (
				460391F42DD114CD00A99290 /* FirebaseCore in Frameworks */,
				460391F82DD1150000A99290 /* FirebaseStorage in Frameworks */,
				460391F22DD114C900A99290 /* FirebaseAuth in Frameworks */,
				460391F62DD114D200A99290 /* FirebaseFirestore in Frameworks */,
			);
			runOnlyForDeploymentPostprocessing = 0;
		};
		4633F1BA2DCE324800FED778 /* Frameworks */ = {
			isa = PBXFrameworksBuildPhase;
			buildActionMask = 2147483647;
			files = (
			);
			runOnlyForDeploymentPostprocessing = 0;
		};
		4633F1C42DCE324800FED778 /* Frameworks */ = {
			isa = PBXFrameworksBuildPhase;
			buildActionMask = 2147483647;
			files = (
			);
			runOnlyForDeploymentPostprocessing = 0;
		};
/* End PBXFrameworksBuildPhase section */

/* Begin PBXGroup section */
		460391D52DD10B7B00A99290 /* Inputs */ = {
			isa = PBXGroup;
			children = (
				4603925A2DD137E400A99290 /* InputView.swift */,
				460391D72DD10B9800A99290 /* LoginInputView.swift */,
			);
			path = Inputs;
			sourceTree = "<group>";
		};
		460391D92DD10D5300A99290 /* Registration */ = {
			isa = PBXGroup;
			children = (
				4633F1B22DCE324600FED778 /* ContentView.swift */,
				460391DA2DD10D6F00A99290 /* LoginView.swift */,
				460391DE2DD10E0300A99290 /* SignUpView.swift */,
				460391DC2DD10D7300A99290 /* ViewModel */,
			);
			path = Registration;
			sourceTree = "<group>";
		};
		460391DC2DD10D7300A99290 /* ViewModel */ = {
			isa = PBXGroup;
			children = (
				460391F92DD116A100A99290 /* ContentViewModel.swift */,
				460391FB2DD119C100A99290 /* LoginViewModel.swift */,
				460391FD2DD119DC00A99290 /* SignUpViewModel.swift */,
			);
			path = ViewModel;
			sourceTree = "<group>";
		};
		460391F02DD114C900A99290 /* Frameworks */ = {
			isa = PBXGroup;
			children = (
			);
			name = Frameworks;
			sourceTree = "<group>";
		};
		4603920C2DD1251F00A99290 /* Authentication */ = {
			isa = PBXGroup;
			children = (
				4603920A2DD1241F00A99290 /* User.swift */,
			);
			path = Authentication;
			sourceTree = "<group>";
		};
		460392182DD1290C00A99290 /* Constants */ = {
			isa = PBXGroup;
			children = (
				460392192DD1292700A99290 /* FirebaseConstants.swift */,
			);
			path = Constants;
			sourceTree = "<group>";
		};
		4603923E2DD12B8500A99290 /* Profile */ = {
			isa = PBXGroup;
			children = (
				460392422DD12C2500A99290 /* EditProfileView.swift */,
				4603923F2DD12B9200A99290 /* ViewModel */,
			);
			path = Profile;
			sourceTree = "<group>";
		};
		4603923F2DD12B9200A99290 /* ViewModel */ = {
			isa = PBXGroup;
			children = (
				460392402DD12BA800A99290 /* ProfileViewModel.swift */,
			);
			path = ViewModel;
			sourceTree = "<group>";
		};
		460A39D02DD5363400C3B804 /* ViewModels */ = {
			isa = PBXGroup;
			children = (
				460A39D12DD5378A00C3B804 /* ClientDetailViewModel.swift */,
				460A39CE2DD5362B00C3B804 /* ClientFormViewModel.swift */,
			);
			path = ViewModels;
			sourceTree = "<group>";
		};
		4633F1A42DCE324600FED778 = {
			isa = PBXGroup;
			children = (
				4633F1DA2DCE325400FED778 /* App */,
				460392182DD1290C00A99290 /* Constants */,
				4633F1DE2DCE327500FED778 /* Extensions */,
				4633F1DB2DCE325C00FED778 /* Utilities */,
				4633F1DC2DCE326600FED778 /* Models */,
				4633F1E02DCE328C00FED778 /* Components */,
				4633F1DF2DCE328300FED778 /* Subviews */,
				4633F1DD2DCE326E00FED778 /* Core */,
				4633F1AF2DCE324600FED778 /* Memoir */,
				4633F1C02DCE324800FED778 /* MemoirTests */,
				4633F1CA2DCE324800FED778 /* MemoirUITests */,
				460391F02DD114C900A99290 /* Frameworks */,
				4633F1AE2DCE324600FED778 /* Products */,
			);
			sourceTree = "<group>";
		};
		4633F1AE2DCE324600FED778 /* Products */ = {
			isa = PBXGroup;
			children = (
				4633F1AD2DCE324600FED778 /* Memoir.app */,
				4633F1BD2DCE324800FED778 /* MemoirTests.xctest */,
				4633F1C72DCE324800FED778 /* MemoirUITests.xctest */,
			);
			name = Products;
			sourceTree = "<group>";
		};
		4633F1DA2DCE325400FED778 /* App */ = {
			isa = PBXGroup;
			children = (
				4633F1B02DCE324600FED778 /* MemoirApp.swift */,
				460391ED2DD1140C00A99290 /* GoogleService-Info.plist */,
			);
			path = App;
			sourceTree = "<group>";
		};
		4633F1DB2DCE325C00FED778 /* Utilities */ = {
			isa = PBXGroup;
			children = (
				460391EB2DD112C100A99290 /* AuthService.swift */,
				465A9F872DD25DB8005D5A8B /* FirebaseService.swift */,
				4603923C2DD12A5E00A99290 /* UserService.swift */,
			);
			path = Utilities;
			sourceTree = "<group>";
		};
		4633F1DC2DCE326600FED778 /* Models */ = {
			isa = PBXGroup;
			children = (
				465A9F892DD25E6B005D5A8B /* Firebase */,
				4603920C2DD1251F00A99290 /* Authentication */,
			);
			path = Models;
			sourceTree = "<group>";
		};
		4633F1DD2DCE326E00FED778 /* Core */ = {
			isa = PBXGroup;
			children = (
				465A9FA22DD25FE1005D5A8B /* Client */,
				4603923E2DD12B8500A99290 /* Profile */,
				460391D92DD10D5300A99290 /* Registration */,
			);
			path = Core;
			sourceTree = "<group>";
		};
		4633F1DE2DCE327500FED778 /* Extensions */ = {
			isa = PBXGroup;
			children = (
				46A1C2502DD3DDCF0045E26D /* Providers */,
			);
			path = Extensions;
			sourceTree = "<group>";
		};
		4633F1DF2DCE328300FED778 /* Subviews */ = {
			isa = PBXGroup;
			children = (
				465467232DD3EBB700A21BBE /* ClientListView.swift */,
				46A1C1DD2DD3C0670045E26D /* SearchBarView.swift */,
				46A1C2122DD3C5D60045E26D /* Buttons */,
				46A1C1F92DD3C25C0045E26D /* Cells */,
			);
			path = Subviews;
			sourceTree = "<group>";
		};
		4633F1E02DCE328C00FED778 /* Components */ = {
			isa = PBXGroup;
			children = (
				4603925C2DD13CAD00A99290 /* CircularProfileView.swift */,
				46A1C22B2DD3D0FC0045E26D /* DetailRowView.swift */,
				46A1C2432DD3DC710045E26D /* LoadingView.swift */,
				46A1C1C42DD3BF1D0045E26D /* Headers */,
				460391D52DD10B7B00A99290 /* Inputs */,
			);
			path = Components;
			sourceTree = "<group>";
		};
		465A9F892DD25E6B005D5A8B /* Firebase */ = {
			isa = PBXGroup;
			children = (
				465A9F8A2DD25E7E005D5A8B /* Client.swift */,
			);
			path = Firebase;
			sourceTree = "<group>";
		};
		465A9FA22DD25FE1005D5A8B /* Client */ = {
			isa = PBXGroup;
			children = (
				46A1C1DF2DD3C1620045E26D /* ClientFormView.swift */,
				46A1C1E12DD3C1F20045E26D /* ClientDetailView.swift */,
				46A1C1B72DD3BDA60045E26D /* ClientView.swift */,
				465A9FA42DD25FF0005D5A8B /* Manager */,
				460A39D02DD5363400C3B804 /* ViewModels */,
			);
			path = Client;
			sourceTree = "<group>";
		};
		465A9FA42DD25FF0005D5A8B /* Manager */ = {
			isa = PBXGroup;
			children = (
				465A9FA52DD26002005D5A8B /* ClientManager.swift */,
			);
			path = Manager;
			sourceTree = "<group>";
		};
		46A1C1C42DD3BF1D0045E26D /* Headers */ = {
			isa = PBXGroup;
			children = (
				46A1C1C52DD3BF310045E26D /* AppHeaderView.swift */,
			);
			path = Headers;
			sourceTree = "<group>";
		};
		46A1C1F92DD3C25C0045E26D /* Cells */ = {
			isa = PBXGroup;
			children = (
				46A1C1FA2DD3C26F0045E26D /* ClientCellView.swift */,
			);
			path = Cells;
			sourceTree = "<group>";
		};
		46A1C2122DD3C5D60045E26D /* Buttons */ = {
			isa = PBXGroup;
			children = (
				46A1C2132DD3C5E60045E26D /* CancelButtonView.swift */,
			);
			path = Buttons;
			sourceTree = "<group>";
		};
		46A1C2502DD3DDCF0045E26D /* Providers */ = {
			isa = PBXGroup;
			children = (
				46A1C2512DD3DDE70045E26D /* PreviewProvider.swift */,
			);
			path = Providers;
			sourceTree = "<group>";
		};
/* End PBXGroup section */

/* Begin PBXNativeTarget section */
		4633F1AC2DCE324600FED778 /* Memoir */ = {
			isa = PBXNativeTarget;
			buildConfigurationList = 4633F1D12DCE324800FED778 /* Build configuration list for PBXNativeTarget "Memoir" */;
			buildPhases = (
				4633F1A92DCE324600FED778 /* Sources */,
				4633F1AA2DCE324600FED778 /* Frameworks */,
				4633F1AB2DCE324600FED778 /* Resources */,
			);
			buildRules = (
			);
			dependencies = (
			);
			fileSystemSynchronizedGroups = (
				4633F1AF2DCE324600FED778 /* Memoir */,
			);
			name = Memoir;
			packageProductDependencies = (
				460391F12DD114C900A99290 /* FirebaseAuth */,
				460391F32DD114CD00A99290 /* FirebaseCore */,
				460391F52DD114D200A99290 /* FirebaseFirestore */,
				460391F72DD1150000A99290 /* FirebaseStorage */,
			);
			productName = Memoir;
			productReference = 4633F1AD2DCE324600FED778 /* Memoir.app */;
			productType = "com.apple.product-type.application";
		};
		4633F1BC2DCE324800FED778 /* MemoirTests */ = {
			isa = PBXNativeTarget;
			buildConfigurationList = 4633F1D42DCE324800FED778 /* Build configuration list for PBXNativeTarget "MemoirTests" */;
			buildPhases = (
				4633F1B92DCE324800FED778 /* Sources */,
				4633F1BA2DCE324800FED778 /* Frameworks */,
				4633F1BB2DCE324800FED778 /* Resources */,
			);
			buildRules = (
			);
			dependencies = (
				4633F1BF2DCE324800FED778 /* PBXTargetDependency */,
			);
			fileSystemSynchronizedGroups = (
				4633F1C02DCE324800FED778 /* MemoirTests */,
			);
			name = MemoirTests;
			packageProductDependencies = (
			);
			productName = MemoirTests;
			productReference = 4633F1BD2DCE324800FED778 /* MemoirTests.xctest */;
			productType = "com.apple.product-type.bundle.unit-test";
		};
		4633F1C62DCE324800FED778 /* MemoirUITests */ = {
			isa = PBXNativeTarget;
			buildConfigurationList = 4633F1D72DCE324800FED778 /* Build configuration list for PBXNativeTarget "MemoirUITests" */;
			buildPhases = (
				4633F1C32DCE324800FED778 /* Sources */,
				4633F1C42DCE324800FED778 /* Frameworks */,
				4633F1C52DCE324800FED778 /* Resources */,
			);
			buildRules = (
			);
			dependencies = (
				4633F1C92DCE324800FED778 /* PBXTargetDependency */,
			);
			fileSystemSynchronizedGroups = (
				4633F1CA2DCE324800FED778 /* MemoirUITests */,
			);
			name = MemoirUITests;
			packageProductDependencies = (
			);
			productName = MemoirUITests;
			productReference = 4633F1C72DCE324800FED778 /* MemoirUITests.xctest */;
			productType = "com.apple.product-type.bundle.ui-testing";
		};
/* End PBXNativeTarget section */

/* Begin PBXProject section */
		4633F1A52DCE324600FED778 /* Project object */ = {
			isa = PBXProject;
			attributes = {
				BuildIndependentTargetsInParallel = 1;
				LastSwiftUpdateCheck = 1620;
				LastUpgradeCheck = 1620;
				TargetAttributes = {
					4633F1AC2DCE324600FED778 = {
						CreatedOnToolsVersion = 16.2;
					};
					4633F1BC2DCE324800FED778 = {
						CreatedOnToolsVersion = 16.2;
						TestTargetID = 4633F1AC2DCE324600FED778;
					};
					4633F1C62DCE324800FED778 = {
						CreatedOnToolsVersion = 16.2;
						TestTargetID = 4633F1AC2DCE324600FED778;
					};
				};
			};
			buildConfigurationList = 4633F1A82DCE324600FED778 /* Build configuration list for PBXProject "Memoir" */;
			developmentRegion = en;
			hasScannedForEncodings = 0;
			knownRegions = (
				en,
				Base,
			);
			mainGroup = 4633F1A42DCE324600FED778;
			minimizedProjectReferenceProxies = 1;
			packageReferences = (
				460391EF2DD1147700A99290 /* XCRemoteSwiftPackageReference "firebase-ios-sdk" */,
			);
			preferredProjectObjectVersion = 77;
			productRefGroup = 4633F1AE2DCE324600FED778 /* Products */;
			projectDirPath = "";
			projectRoot = "";
			targets = (
				4633F1AC2DCE324600FED778 /* Memoir */,
				4633F1BC2DCE324800FED778 /* MemoirTests */,
				4633F1C62DCE324800FED778 /* MemoirUITests */,
			);
		};
/* End PBXProject section */

/* Begin PBXResourcesBuildPhase section */
		4633F1AB2DCE324600FED778 /* Resources */ = {
			isa = PBXResourcesBuildPhase;
			buildActionMask = 2147483647;
			files = (
				460391EE2DD1140C00A99290 /* GoogleService-Info.plist in Resources */,
			);
			runOnlyForDeploymentPostprocessing = 0;
		};
		4633F1BB2DCE324800FED778 /* Resources */ = {
			isa = PBXResourcesBuildPhase;
			buildActionMask = 2147483647;
			files = (
			);
			runOnlyForDeploymentPostprocessing = 0;
		};
		4633F1C52DCE324800FED778 /* Resources */ = {
			isa = PBXResourcesBuildPhase;
			buildActionMask = 2147483647;
			files = (
			);
			runOnlyForDeploymentPostprocessing = 0;
		};
/* End PBXResourcesBuildPhase section */

/* Begin PBXSourcesBuildPhase section */
		4633F1A92DCE324600FED778 /* Sources */ = {
			isa = PBXSourcesBuildPhase;
			buildActionMask = 2147483647;
			files = (
				460A39CF2DD5362B00C3B804 /* ClientFormViewModel.swift in Sources */,
				460392432DD12C2500A99290 /* EditProfileView.swift in Sources */,
				46A1C1B82DD3BDA60045E26D /* ClientView.swift in Sources */,
				4633F1B32DCE324600FED778 /* ContentView.swift in Sources */,
				460391DF2DD10E0300A99290 /* SignUpView.swift in Sources */,
				4633F1B12DCE324600FED778 /* MemoirApp.swift in Sources */,
				46A1C2442DD3DC710045E26D /* LoadingView.swift in Sources */,
				460391FA2DD116A100A99290 /* ContentViewModel.swift in Sources */,
				46A1C2142DD3C5E60045E26D /* CancelButtonView.swift in Sources */,
				4603925D2DD13CAD00A99290 /* CircularProfileView.swift in Sources */,
				46A1C22C2DD3D0FC0045E26D /* DetailRowView.swift in Sources */,
				460391FE2DD119DC00A99290 /* SignUpViewModel.swift in Sources */,
				460391FC2DD119C100A99290 /* LoginViewModel.swift in Sources */,
				465A9F8B2DD25E7E005D5A8B /* Client.swift in Sources */,
				46A1C2522DD3DDE70045E26D /* PreviewProvider.swift in Sources */,
				460391EC2DD112C100A99290 /* AuthService.swift in Sources */,
				460391DB2DD10D6F00A99290 /* LoginView.swift in Sources */,
				46A1C1FB2DD3C26F0045E26D /* ClientCellView.swift in Sources */,
				4603923D2DD12A5E00A99290 /* UserService.swift in Sources */,
				4603920B2DD1241F00A99290 /* User.swift in Sources */,
				460A39D22DD5378A00C3B804 /* ClientDetailViewModel.swift in Sources */,
				465A9F882DD25DB8005D5A8B /* FirebaseService.swift in Sources */,
				460392412DD12BA800A99290 /* ProfileViewModel.swift in Sources */,
				4603925B2DD137E400A99290 /* InputView.swift in Sources */,
				4603921A2DD1292700A99290 /* FirebaseConstants.swift in Sources */,
				465467242DD3EBB700A21BBE /* ClientListView.swift in Sources */,
				46A1C1DE2DD3C0670045E26D /* SearchBarView.swift in Sources */,
				465A9FA62DD26002005D5A8B /* ClientManager.swift in Sources */,
				46A1C1E02DD3C1620045E26D /* ClientFormView.swift in Sources */,
				46A1C1C62DD3BF310045E26D /* AppHeaderView.swift in Sources */,
				46A1C1E22DD3C1F20045E26D /* ClientDetailView.swift in Sources */,
				460391D82DD10B9800A99290 /* LoginInputView.swift in Sources */,
			);
			runOnlyForDeploymentPostprocessing = 0;
		};
		4633F1B92DCE324800FED778 /* Sources */ = {
			isa = PBXSourcesBuildPhase;
			buildActionMask = 2147483647;
			files = (
			);
			runOnlyForDeploymentPostprocessing = 0;
		};
		4633F1C32DCE324800FED778 /* Sources */ = {
			isa = PBXSourcesBuildPhase;
			buildActionMask = 2147483647;
			files = (
			);
			runOnlyForDeploymentPostprocessing = 0;
		};
/* End PBXSourcesBuildPhase section */

/* Begin PBXTargetDependency section */
		4633F1BF2DCE324800FED778 /* PBXTargetDependency */ = {
			isa = PBXTargetDependency;
			target = 4633F1AC2DCE324600FED778 /* Memoir */;
			targetProxy = 4633F1BE2DCE324800FED778 /* PBXContainerItemProxy */;
		};
		4633F1C92DCE324800FED778 /* PBXTargetDependency */ = {
			isa = PBXTargetDependency;
			target = 4633F1AC2DCE324600FED778 /* Memoir */;
			targetProxy = 4633F1C82DCE324800FED778 /* PBXContainerItemProxy */;
		};
/* End PBXTargetDependency section */

/* Begin XCBuildConfiguration section */
		4633F1CF2DCE324800FED778 /* Debug */ = {
			isa = XCBuildConfiguration;
			buildSettings = {
				ALWAYS_SEARCH_USER_PATHS = NO;
				ASSETCATALOG_COMPILER_GENERATE_SWIFT_ASSET_SYMBOL_EXTENSIONS = YES;
				CLANG_ANALYZER_NONNULL = YES;
				CLANG_ANALYZER_NUMBER_OBJECT_CONVERSION = YES_AGGRESSIVE;
				CLANG_CXX_LANGUAGE_STANDARD = "gnu++20";
				CLANG_ENABLE_MODULES = YES;
				CLANG_ENABLE_OBJC_ARC = YES;
				CLANG_ENABLE_OBJC_WEAK = YES;
				CLANG_WARN_BLOCK_CAPTURE_AUTORELEASING = YES;
				CLANG_WARN_BOOL_CONVERSION = YES;
				CLANG_WARN_COMMA = YES;
				CLANG_WARN_CONSTANT_CONVERSION = YES;
				CLANG_WARN_DEPRECATED_OBJC_IMPLEMENTATIONS = YES;
				CLANG_WARN_DIRECT_OBJC_ISA_USAGE = YES_ERROR;
				CLANG_WARN_DOCUMENTATION_COMMENTS = YES;
				CLANG_WARN_EMPTY_BODY = YES;
				CLANG_WARN_ENUM_CONVERSION = YES;
				CLANG_WARN_INFINITE_RECURSION = YES;
				CLANG_WARN_INT_CONVERSION = YES;
				CLANG_WARN_NON_LITERAL_NULL_CONVERSION = YES;
				CLANG_WARN_OBJC_IMPLICIT_RETAIN_SELF = YES;
				CLANG_WARN_OBJC_LITERAL_CONVERSION = YES;
				CLANG_WARN_OBJC_ROOT_CLASS = YES_ERROR;
				CLANG_WARN_QUOTED_INCLUDE_IN_FRAMEWORK_HEADER = YES;
				CLANG_WARN_RANGE_LOOP_ANALYSIS = YES;
				CLANG_WARN_STRICT_PROTOTYPES = YES;
				CLANG_WARN_SUSPICIOUS_MOVE = YES;
				CLANG_WARN_UNGUARDED_AVAILABILITY = YES_AGGRESSIVE;
				CLANG_WARN_UNREACHABLE_CODE = YES;
				CLANG_WARN__DUPLICATE_METHOD_MATCH = YES;
				COPY_PHASE_STRIP = NO;
				DEBUG_INFORMATION_FORMAT = dwarf;
				ENABLE_STRICT_OBJC_MSGSEND = YES;
				ENABLE_TESTABILITY = YES;
				ENABLE_USER_SCRIPT_SANDBOXING = YES;
				GCC_C_LANGUAGE_STANDARD = gnu17;
				GCC_DYNAMIC_NO_PIC = NO;
				GCC_NO_COMMON_BLOCKS = YES;
				GCC_OPTIMIZATION_LEVEL = 0;
				GCC_PREPROCESSOR_DEFINITIONS = (
					"DEBUG=1",
					"$(inherited)",
				);
				GCC_WARN_64_TO_32_BIT_CONVERSION = YES;
				GCC_WARN_ABOUT_RETURN_TYPE = YES_ERROR;
				GCC_WARN_UNDECLARED_SELECTOR = YES;
				GCC_WARN_UNINITIALIZED_AUTOS = YES_AGGRESSIVE;
				GCC_WARN_UNUSED_FUNCTION = YES;
				GCC_WARN_UNUSED_VARIABLE = YES;
				IPHONEOS_DEPLOYMENT_TARGET = 18.2;
				LOCALIZATION_PREFERS_STRING_CATALOGS = YES;
				MTL_ENABLE_DEBUG_INFO = INCLUDE_SOURCE;
				MTL_FAST_MATH = YES;
				ONLY_ACTIVE_ARCH = YES;
				SDKROOT = iphoneos;
				SWIFT_ACTIVE_COMPILATION_CONDITIONS = "DEBUG $(inherited)";
				SWIFT_OPTIMIZATION_LEVEL = "-Onone";
			};
			name = Debug;
		};
		4633F1D02DCE324800FED778 /* Release */ = {
			isa = XCBuildConfiguration;
			buildSettings = {
				ALWAYS_SEARCH_USER_PATHS = NO;
				ASSETCATALOG_COMPILER_GENERATE_SWIFT_ASSET_SYMBOL_EXTENSIONS = YES;
				CLANG_ANALYZER_NONNULL = YES;
				CLANG_ANALYZER_NUMBER_OBJECT_CONVERSION = YES_AGGRESSIVE;
				CLANG_CXX_LANGUAGE_STANDARD = "gnu++20";
				CLANG_ENABLE_MODULES = YES;
				CLANG_ENABLE_OBJC_ARC = YES;
				CLANG_ENABLE_OBJC_WEAK = YES;
				CLANG_WARN_BLOCK_CAPTURE_AUTORELEASING = YES;
				CLANG_WARN_BOOL_CONVERSION = YES;
				CLANG_WARN_COMMA = YES;
				CLANG_WARN_CONSTANT_CONVERSION = YES;
				CLANG_WARN_DEPRECATED_OBJC_IMPLEMENTATIONS = YES;
				CLANG_WARN_DIRECT_OBJC_ISA_USAGE = YES_ERROR;
				CLANG_WARN_DOCUMENTATION_COMMENTS = YES;
				CLANG_WARN_EMPTY_BODY = YES;
				CLANG_WARN_ENUM_CONVERSION = YES;
				CLANG_WARN_INFINITE_RECURSION = YES;
				CLANG_WARN_INT_CONVERSION = YES;
				CLANG_WARN_NON_LITERAL_NULL_CONVERSION = YES;
				CLANG_WARN_OBJC_IMPLICIT_RETAIN_SELF = YES;
				CLANG_WARN_OBJC_LITERAL_CONVERSION = YES;
				CLANG_WARN_OBJC_ROOT_CLASS = YES_ERROR;
				CLANG_WARN_QUOTED_INCLUDE_IN_FRAMEWORK_HEADER = YES;
				CLANG_WARN_RANGE_LOOP_ANALYSIS = YES;
				CLANG_WARN_STRICT_PROTOTYPES = YES;
				CLANG_WARN_SUSPICIOUS_MOVE = YES;
				CLANG_WARN_UNGUARDED_AVAILABILITY = YES_AGGRESSIVE;
				CLANG_WARN_UNREACHABLE_CODE = YES;
				CLANG_WARN__DUPLICATE_METHOD_MATCH = YES;
				COPY_PHASE_STRIP = NO;
				DEBUG_INFORMATION_FORMAT = "dwarf-with-dsym";
				ENABLE_NS_ASSERTIONS = NO;
				ENABLE_STRICT_OBJC_MSGSEND = YES;
				ENABLE_USER_SCRIPT_SANDBOXING = YES;
				GCC_C_LANGUAGE_STANDARD = gnu17;
				GCC_NO_COMMON_BLOCKS = YES;
				GCC_WARN_64_TO_32_BIT_CONVERSION = YES;
				GCC_WARN_ABOUT_RETURN_TYPE = YES_ERROR;
				GCC_WARN_UNDECLARED_SELECTOR = YES;
				GCC_WARN_UNINITIALIZED_AUTOS = YES_AGGRESSIVE;
				GCC_WARN_UNUSED_FUNCTION = YES;
				GCC_WARN_UNUSED_VARIABLE = YES;
				IPHONEOS_DEPLOYMENT_TARGET = 18.2;
				LOCALIZATION_PREFERS_STRING_CATALOGS = YES;
				MTL_ENABLE_DEBUG_INFO = NO;
				MTL_FAST_MATH = YES;
				SDKROOT = iphoneos;
				SWIFT_COMPILATION_MODE = wholemodule;
				VALIDATE_PRODUCT = YES;
			};
			name = Release;
		};
		4633F1D22DCE324800FED778 /* Debug */ = {
			isa = XCBuildConfiguration;
			buildSettings = {
				ASSETCATALOG_COMPILER_APPICON_NAME = AppIcon;
				ASSETCATALOG_COMPILER_GLOBAL_ACCENT_COLOR_NAME = AccentColor;
				CODE_SIGN_STYLE = Automatic;
				CURRENT_PROJECT_VERSION = 1;
				DEVELOPMENT_ASSET_PATHS = "\"Memoir/Preview Content\"";
				DEVELOPMENT_TEAM = X458CUZL7L;
				ENABLE_PREVIEWS = YES;
				GENERATE_INFOPLIST_FILE = YES;
				INFOPLIST_KEY_UIApplicationSceneManifest_Generation = YES;
				INFOPLIST_KEY_UIApplicationSupportsIndirectInputEvents = YES;
				INFOPLIST_KEY_UILaunchScreen_Generation = YES;
				INFOPLIST_KEY_UISupportedInterfaceOrientations_iPad = "UIInterfaceOrientationPortrait UIInterfaceOrientationPortraitUpsideDown UIInterfaceOrientationLandscapeLeft UIInterfaceOrientationLandscapeRight";
				INFOPLIST_KEY_UISupportedInterfaceOrientations_iPhone = "UIInterfaceOrientationPortrait UIInterfaceOrientationLandscapeLeft UIInterfaceOrientationLandscapeRight";
				LD_RUNPATH_SEARCH_PATHS = (
					"$(inherited)",
					"@executable_path/Frameworks",
				);
				MARKETING_VERSION = 1.0;
				PRODUCT_BUNDLE_IDENTIFIER = io..Memoir;
				PRODUCT_NAME = "$(TARGET_NAME)";
				SWIFT_EMIT_LOC_STRINGS = YES;
				SWIFT_VERSION = 5.0;
				TARGETED_DEVICE_FAMILY = "1,2";
			};
			name = Debug;
		};
		4633F1D32DCE324800FED778 /* Release */ = {
			isa = XCBuildConfiguration;
			buildSettings = {
				ASSETCATALOG_COMPILER_APPICON_NAME = AppIcon;
				ASSETCATALOG_COMPILER_GLOBAL_ACCENT_COLOR_NAME = AccentColor;
				CODE_SIGN_STYLE = Automatic;
				CURRENT_PROJECT_VERSION = 1;
				DEVELOPMENT_ASSET_PATHS = "\"Memoir/Preview Content\"";
				DEVELOPMENT_TEAM = X458CUZL7L;
				ENABLE_PREVIEWS = YES;
				GENERATE_INFOPLIST_FILE = YES;
				INFOPLIST_KEY_UIApplicationSceneManifest_Generation = YES;
				INFOPLIST_KEY_UIApplicationSupportsIndirectInputEvents = YES;
				INFOPLIST_KEY_UILaunchScreen_Generation = YES;
				INFOPLIST_KEY_UISupportedInterfaceOrientations_iPad = "UIInterfaceOrientationPortrait UIInterfaceOrientationPortraitUpsideDown UIInterfaceOrientationLandscapeLeft UIInterfaceOrientationLandscapeRight";
				INFOPLIST_KEY_UISupportedInterfaceOrientations_iPhone = "UIInterfaceOrientationPortrait UIInterfaceOrientationLandscapeLeft UIInterfaceOrientationLandscapeRight";
				LD_RUNPATH_SEARCH_PATHS = (
					"$(inherited)",
					"@executable_path/Frameworks",
				);
				MARKETING_VERSION = 1.0;
				PRODUCT_BUNDLE_IDENTIFIER = io..Memoir;
				PRODUCT_NAME = "$(TARGET_NAME)";
				SWIFT_EMIT_LOC_STRINGS = YES;
				SWIFT_VERSION = 5.0;
				TARGETED_DEVICE_FAMILY = "1,2";
			};
			name = Release;
		};
		4633F1D52DCE324800FED778 /* Debug */ = {
			isa = XCBuildConfiguration;
			buildSettings = {
				BUNDLE_LOADER = "$(TEST_HOST)";
				CODE_SIGN_STYLE = Automatic;
				CURRENT_PROJECT_VERSION = 1;
				DEVELOPMENT_TEAM = X458CUZL7L;
				GENERATE_INFOPLIST_FILE = YES;
				IPHONEOS_DEPLOYMENT_TARGET = 18.2;
				MARKETING_VERSION = 1.0;
				PRODUCT_BUNDLE_IDENTIFIER = io..MemoirTests;
				PRODUCT_NAME = "$(TARGET_NAME)";
				SWIFT_EMIT_LOC_STRINGS = NO;
				SWIFT_VERSION = 5.0;
				TARGETED_DEVICE_FAMILY = "1,2";
				TEST_HOST = "$(BUILT_PRODUCTS_DIR)/Memoir.app/$(BUNDLE_EXECUTABLE_FOLDER_PATH)/Memoir";
			};
			name = Debug;
		};
		4633F1D62DCE324800FED778 /* Release */ = {
			isa = XCBuildConfiguration;
			buildSettings = {
				BUNDLE_LOADER = "$(TEST_HOST)";
				CODE_SIGN_STYLE = Automatic;
				CURRENT_PROJECT_VERSION = 1;
				DEVELOPMENT_TEAM = X458CUZL7L;
				GENERATE_INFOPLIST_FILE = YES;
				IPHONEOS_DEPLOYMENT_TARGET = 18.2;
				MARKETING_VERSION = 1.0;
				PRODUCT_BUNDLE_IDENTIFIER = io..MemoirTests;
				PRODUCT_NAME = "$(TARGET_NAME)";
				SWIFT_EMIT_LOC_STRINGS = NO;
				SWIFT_VERSION = 5.0;
				TARGETED_DEVICE_FAMILY = "1,2";
				TEST_HOST = "$(BUILT_PRODUCTS_DIR)/Memoir.app/$(BUNDLE_EXECUTABLE_FOLDER_PATH)/Memoir";
			};
			name = Release;
		};
		4633F1D82DCE324800FED778 /* Debug */ = {
			isa = XCBuildConfiguration;
			buildSettings = {
				CODE_SIGN_STYLE = Automatic;
				CURRENT_PROJECT_VERSION = 1;
				DEVELOPMENT_TEAM = X458CUZL7L;
				GENERATE_INFOPLIST_FILE = YES;
				MARKETING_VERSION = 1.0;
				PRODUCT_BUNDLE_IDENTIFIER = io..MemoirUITests;
				PRODUCT_NAME = "$(TARGET_NAME)";
				SWIFT_EMIT_LOC_STRINGS = NO;
				SWIFT_VERSION = 5.0;
				TARGETED_DEVICE_FAMILY = "1,2";
				TEST_TARGET_NAME = Memoir;
			};
			name = Debug;
		};
		4633F1D92DCE324800FED778 /* Release */ = {
			isa = XCBuildConfiguration;
			buildSettings = {
				CODE_SIGN_STYLE = Automatic;
				CURRENT_PROJECT_VERSION = 1;
				DEVELOPMENT_TEAM = X458CUZL7L;
				GENERATE_INFOPLIST_FILE = YES;
				MARKETING_VERSION = 1.0;
				PRODUCT_BUNDLE_IDENTIFIER = io..MemoirUITests;
				PRODUCT_NAME = "$(TARGET_NAME)";
				SWIFT_EMIT_LOC_STRINGS = NO;
				SWIFT_VERSION = 5.0;
				TARGETED_DEVICE_FAMILY = "1,2";
				TEST_TARGET_NAME = Memoir;
			};
			name = Release;
		};
/* End XCBuildConfiguration section */

/* Begin XCConfigurationList section */
		4633F1A82DCE324600FED778 /* Build configuration list for PBXProject "Memoir" */ = {
			isa = XCConfigurationList;
			buildConfigurations = (
				4633F1CF2DCE324800FED778 /* Debug */,
				4633F1D02DCE324800FED778 /* Release */,
			);
			defaultConfigurationIsVisible = 0;
			defaultConfigurationName = Release;
		};
		4633F1D12DCE324800FED778 /* Build configuration list for PBXNativeTarget "Memoir" */ = {
			isa = XCConfigurationList;
			buildConfigurations = (
				4633F1D22DCE324800FED778 /* Debug */,
				4633F1D32DCE324800FED778 /* Release */,
			);
			defaultConfigurationIsVisible = 0;
			defaultConfigurationName = Release;
		};
		4633F1D42DCE324800FED778 /* Build configuration list for PBXNativeTarget "MemoirTests" */ = {
			isa = XCConfigurationList;
			buildConfigurations = (
				4633F1D52DCE324800FED778 /* Debug */,
				4633F1D62DCE324800FED778 /* Release */,
			);
			defaultConfigurationIsVisible = 0;
			defaultConfigurationName = Release;
		};
		4633F1D72DCE324800FED778 /* Build configuration list for PBXNativeTarget "MemoirUITests" */ = {
			isa = XCConfigurationList;
			buildConfigurations = (
				4633F1D82DCE324800FED778 /* Debug */,
				4633F1D92DCE324800FED778 /* Release */,
			);
			defaultConfigurationIsVisible = 0;
			defaultConfigurationName = Release;
		};
/* End XCConfigurationList section */

/* Begin XCRemoteSwiftPackageReference section */
		460391EF2DD1147700A99290 /* XCRemoteSwiftPackageReference "firebase-ios-sdk" */ = {
			isa = XCRemoteSwiftPackageReference;
			repositoryURL = "https://github.com/firebase/firebase-ios-sdk";
			requirement = {
				kind = upToNextMajorVersion;
				minimumVersion = 11.12.0;
			};
		};
/* End XCRemoteSwiftPackageReference section */

/* Begin XCSwiftPackageProductDependency section */
		460391F12DD114C900A99290 /* FirebaseAuth */ = {
			isa = XCSwiftPackageProductDependency;
			package = 460391EF2DD1147700A99290 /* XCRemoteSwiftPackageReference "firebase-ios-sdk" */;
			productName = FirebaseAuth;
		};
		460391F32DD114CD00A99290 /* FirebaseCore */ = {
			isa = XCSwiftPackageProductDependency;
			package = 460391EF2DD1147700A99290 /* XCRemoteSwiftPackageReference "firebase-ios-sdk" */;
			productName = FirebaseCore;
		};
		460391F52DD114D200A99290 /* FirebaseFirestore */ = {
			isa = XCSwiftPackageProductDependency;
			package = 460391EF2DD1147700A99290 /* XCRemoteSwiftPackageReference "firebase-ios-sdk" */;
			productName = FirebaseFirestore;
		};
		460391F72DD1150000A99290 /* FirebaseStorage */ = {
			isa = XCSwiftPackageProductDependency;
			package = 460391EF2DD1147700A99290 /* XCRemoteSwiftPackageReference "firebase-ios-sdk" */;
			productName = FirebaseStorage;
		};
/* End XCSwiftPackageProductDependency section */
	};
	rootObject = 4633F1A52DCE324600FED778 /* Project object */;
}
